Microsoft Visual Studio Solution File, Format Version 12.00
# Visual Studio Version 17
VisualStudioVersion = 17.5.2.0
MinimumVisualStudioVersion = 10.0.40219.1
Project("{FAE04EC0-301F-11D3-BF4B-00C04F79EFBC}") = "projetos", "projetos.csproj", "{E5B03C1B-9829-2A08-4B05-86C5EB13CCE2}"
EndProject
Global
	GlobalSection(SolutionConfigurationPlatforms) = preSolution
		Debug|Any CPU = Debug|Any CPU
		Release|Any CPU = Release|Any CPU
	EndGlobalSection
	GlobalSection(ProjectConfigurationPlatforms) = postSolution
		{E5B03C1B-9829-2A08-4B05-86C5EB13CCE2}.Debug|Any CPU.ActiveCfg = Debug|Any CPU
		{E5B03C1B-9829-2A08-4B05-86C5EB13CCE2}.Debug|Any CPU.Build.0 = Debug|Any CPU
		{E5B03C1B-9829-2A08-4B05-86C5EB13CCE2}.Release|Any CPU.ActiveCfg = Release|Any CPU
		{E5B03C1B-9829-2A08-4B05-86C5EB13CCE2}.Release|Any CPU.Build.0 = Release|Any CPU
	EndGlobalSection
	GlobalSection(SolutionProperties) = preSolution
		HideSolutionNode = FALSE
	EndGlobalSection
	GlobalSection(ExtensibilityGlobals) = postSolution
		SolutionGuid = {3836BD9F-9C87-41F3-BEBD-D908385E967D}
	EndGlobalSection
EndGlobal
